
Microsoft Visual Studio Solution File, Format Version 12.00
# Visual Studio Version 16
VisualStudioVersion = 16.0.31702.278
MinimumVisualStudioVersion = 10.0.40219.1
Project("{9A19103F-16F7-4668-BE54-9A1E7A4F7556}") = "Services", "Services\Services.csproj", "{4EF02E57-7CFC-42FA-8289-BC116409F6E1}"
EndProject
Project("{9A19103F-16F7-4668-BE54-9A1E7A4F7556}") = "ASPNetCoreMastersTodoList.Api", "ASPNetCoreMastersTodoList.Api\ASPNetCoreMastersTodoList.Api.csproj", "{A2F8ECE6-6B56-416F-8A82-FABA6061AE74}"
EndProject
Project("{9A19103F-16F7-4668-BE54-9A1E7A4F7556}") = "DomainModels", "DomainModels\DomainModels.csproj", "{115FBD6E-2C15-45DB-AF8D-ED87B425DD0E}"
EndProject
Project("{FAE04EC0-301F-11D3-BF4B-00C04F79EFBC}") = "Repositories", "Repositories\Repositories.csproj", "{D1DC8E2C-CEE8-4379-BB45-C343C938D266}"
EndProject
Global
	GlobalSection(SolutionConfigurationPlatforms) = preSolution
		Debug|Any CPU = Debug|Any CPU
		Release|Any CPU = Release|Any CPU
	EndGlobalSection
	GlobalSection(ProjectConfigurationPlatforms) = postSolution
		{4EF02E57-7CFC-42FA-8289-BC116409F6E1}.Debug|Any CPU.ActiveCfg = Debug|Any CPU
		{4EF02E57-7CFC-42FA-8289-BC116409F6E1}.Debug|Any CPU.Build.0 = Debug|Any CPU
		{4EF02E57-7CFC-42FA-8289-BC116409F6E1}.Release|Any CPU.ActiveCfg = Release|Any CPU
		{4EF02E57-7CFC-42FA-8289-BC116409F6E1}.Release|Any CPU.Build.0 = Release|Any CPU
		{A2F8ECE6-6B56-416F-8A82-FABA6061AE74}.Debug|Any CPU.ActiveCfg = Debug|Any CPU
		{A2F8ECE6-6B56-416F-8A82-FABA6061AE74}.Debug|Any CPU.Build.0 = Debug|Any CPU
		{A2F8ECE6-6B56-416F-8A82-FABA6061AE74}.Release|Any CPU.ActiveCfg = Release|Any CPU
		{A2F8ECE6-6B56-416F-8A82-FABA6061AE74}.Release|Any CPU.Build.0 = Release|Any CPU
		{115FBD6E-2C15-45DB-AF8D-ED87B425DD0E}.Debug|Any CPU.ActiveCfg = Debug|Any CPU
		{115FBD6E-2C15-45DB-AF8D-ED87B425DD0E}.Debug|Any CPU.Build.0 = Debug|Any CPU
		{115FBD6E-2C15-45DB-AF8D-ED87B425DD0E}.Release|Any CPU.ActiveCfg = Release|Any CPU
		{115FBD6E-2C15-45DB-AF8D-ED87B425DD0E}.Release|Any CPU.Build.0 = Release|Any CPU
		{D1DC8E2C-CEE8-4379-BB45-C343C938D266}.Debug|Any CPU.ActiveCfg = Debug|Any CPU
		{D1DC8E2C-CEE8-4379-BB45-C343C938D266}.Debug|Any CPU.Build.0 = Debug|Any CPU
		{D1DC8E2C-CEE8-4379-BB45-C343C938D266}.Release|Any CPU.ActiveCfg = Release|Any CPU
		{D1DC8E2C-CEE8-4379-BB45-C343C938D266}.Release|Any CPU.Build.0 = Release|Any CPU
	EndGlobalSection
	GlobalSection(SolutionProperties) = preSolution
		HideSolutionNode = FALSE
	EndGlobalSection
	GlobalSection(ExtensibilityGlobals) = postSolution
		SolutionGuid = {EB5E5C30-1DE0-4BC3-B529-3523DE2A1CDC}
	EndGlobalSection
EndGlobal
